
Microsoft Visual Studio Solution File, Format Version 12.00
# Visual Studio 15
VisualStudioVersion = 15.0.27130.2027
MinimumVisualStudioVersion = 10.0.40219.1
Project("{E24C65DC-7377-472B-9ABA-BC803B73C61A}") = "WebSite1(1)", ".", "{43718C24-86BC-483D-89D0-6E87ABD5DC81}"
	ProjectSection(WebsiteProperties) = preProject
		TargetFrameworkMoniker = ".NETFramework,Version%3Dv4.0"
		Debug.AspNetCompiler.VirtualPath = "/localhost_50520"
		Debug.AspNetCompiler.PhysicalPath = "..\WebSite1\"
		Debug.AspNetCompiler.TargetPath = "PrecompiledWeb\localhost_50520\"
		Debug.AspNetCompiler.Updateable = "true"
		Debug.AspNetCompiler.ForceOverwrite = "true"
		Debug.AspNetCompiler.FixedNames = "false"
		Debug.AspNetCompiler.Debug = "True"
		Release.AspNetCompiler.VirtualPath = "/localhost_50520"
		Release.AspNetCompiler.PhysicalPath = "..\WebSite1\"
		Release.AspNetCompiler.TargetPath = "PrecompiledWeb\localhost_50520\"
		Release.AspNetCompiler.Updateable = "true"
		Release.AspNetCompiler.ForceOverwrite = "true"
		Release.AspNetCompiler.FixedNames = "false"
		Release.AspNetCompiler.Debug = "False"
		VWDPort = "50520"
		SlnRelativePath = "..\WebSite1\"
		DefaultWebSiteLanguage = "Visual C#"
	EndProjectSection
EndProject
Global
	GlobalSection(SolutionConfigurationPlatforms) = preSolution
		Debug|Any CPU = Debug|Any CPU
	EndGlobalSection
	GlobalSection(ProjectConfigurationPlatforms) = postSolution
		{43718C24-86BC-483D-89D0-6E87ABD5DC81}.Debug|Any CPU.ActiveCfg = Debug|Any CPU
		{43718C24-86BC-483D-89D0-6E87ABD5DC81}.Debug|Any CPU.Build.0 = Debug|Any CPU
	EndGlobalSection
	GlobalSection(SolutionProperties) = preSolution
		HideSolutionNode = FALSE
	EndGlobalSection
	GlobalSection(ExtensibilityGlobals) = postSolution
		SolutionGuid = {954E6213-AEBF-4DEA-84E0-9403E1041CE6}
	EndGlobalSection
EndGlobal
